// !$*UTF8*$!
{
	archiveVersion = 1;
	classes = {
	};
	objectVersion = 46;
	objects = {

/* Begin PBXBuildFile section */
		52DEC4BA1F4C87D2001650C9 /* AppDelegate.swift in Sources */ = {isa = PBXBuildFile; fileRef = 52DEC4B91F4C87D2001650C9 /* AppDelegate.swift */; };
		52DEC4BC1F4C87D2001650C9 /* ViewController.swift in Sources */ = {isa = PBXBuildFile; fileRef = 52DEC4BB1F4C87D2001650C9 /* ViewController.swift */; };
		52DEC4BF1F4C87D2001650C9 /* Main.storyboard in Resources */ = {isa = PBXBuildFile; fileRef = 52DEC4BD1F4C87D2001650C9 /* Main.storyboard */; };
		52DEC4C21F4C87D2001650C9 /* ejercicioFinal.xcdatamodeld in Sources */ = {isa = PBXBuildFile; fileRef = 52DEC4C01F4C87D2001650C9 /* ejercicioFinal.xcdatamodeld */; };
		52DEC4C41F4C87D2001650C9 /* Assets.xcassets in Resources */ = {isa = PBXBuildFile; fileRef = 52DEC4C31F4C87D2001650C9 /* Assets.xcassets */; };
		52DEC4C71F4C87D2001650C9 /* LaunchScreen.storyboard in Resources */ = {isa = PBXBuildFile; fileRef = 52DEC4C51F4C87D2001650C9 /* LaunchScreen.storyboard */; };
		52DEC4CF1F4D76C8001650C9 /* PosterView.swift in Sources */ = {isa = PBXBuildFile; fileRef = 52DEC4CE1F4D76C8001650C9 /* PosterView.swift */; };
		52DEC4D11F4D7893001650C9 /* ResumenView.swift in Sources */ = {isa = PBXBuildFile; fileRef = 52DEC4D01F4D7893001650C9 /* ResumenView.swift */; };
		52DEC4D51F4D9DC7001650C9 /* ListaPelisView.swift in Sources */ = {isa = PBXBuildFile; fileRef = 52DEC4D41F4D9DC7001650C9 /* ListaPelisView.swift */; };
		52DEC4D71F4DAAC9001650C9 /* ListaSeriesView.swift in Sources */ = {isa = PBXBuildFile; fileRef = 52DEC4D61F4DAAC9001650C9 /* ListaSeriesView.swift */; };
		52DEC4D91F4DAAE0001650C9 /* NuevaSerieView.swift in Sources */ = {isa = PBXBuildFile; fileRef = 52DEC4D81F4DAAE0001650C9 /* NuevaSerieView.swift */; };
		52DEC4DB1F4DB9D7001650C9 /* PeliculaView.swift in Sources */ = {isa = PBXBuildFile; fileRef = 52DEC4DA1F4DB9D7001650C9 /* PeliculaView.swift */; };
		52DEC4DD1F4DCBB3001650C9 /* seriesView.swift in Sources */ = {isa = PBXBuildFile; fileRef = 52DEC4DC1F4DCBB3001650C9 /* seriesView.swift */; };
/* End PBXBuildFile section */

/* Begin PBXFileReference section */
		52DEC4B61F4C87D2001650C9 /* ejercicioFinal.app */ = {isa = PBXFileReference; explicitFileType = wrapper.application; includeInIndex = 0; path = ejercicioFinal.app; sourceTree = BUILT_PRODUCTS_DIR; };
		52DEC4B91F4C87D2001650C9 /* AppDelegate.swift */ = {isa = PBXFileReference; lastKnownFileType = sourcecode.swift; path = AppDelegate.swift; sourceTree = "<group>"; };
		52DEC4BB1F4C87D2001650C9 /* ViewController.swift */ = {isa = PBXFileReference; lastKnownFileType = sourcecode.swift; path = ViewController.swift; sourceTree = "<group>"; };
		52DEC4BE1F4C87D2001650C9 /* Base */ = {isa = PBXFileReference; lastKnownFileType = file.storyboard; name = Base; path = Base.lproj/Main.storyboard; sourceTree = "<group>"; };
		52DEC4C11F4C87D2001650C9 /* ejercicioFinal.xcdatamodel */ = {isa = PBXFileReference; lastKnownFileType = wrapper.xcdatamodel; path = ejercicioFinal.xcdatamodel; sourceTree = "<group>"; };
		52DEC4C31F4C87D2001650C9 /* Assets.xcassets */ = {isa = PBXFileReference; lastKnownFileType = folder.assetcatalog; path = Assets.xcassets; sourceTree = "<group>"; };
		52DEC4C61F4C87D2001650C9 /* Base */ = {isa = PBXFileReference; lastKnownFileType = file.storyboard; name = Base; path = Base.lproj/LaunchScreen.storyboard; sourceTree = "<group>"; };
		52DEC4C81F4C87D2001650C9 /* Info.plist */ = {isa = PBXFileReference; lastKnownFileType = text.plist.xml; path = Info.plist; sourceTree = "<group>"; };
		52DEC4CE1F4D76C8001650C9 /* PosterView.swift */ = {isa = PBXFileReference; fileEncoding = 4; lastKnownFileType = sourcecode.swift; path = PosterView.swift; sourceTree = "<group>"; };
		52DEC4D01F4D7893001650C9 /* ResumenView.swift */ = {isa = PBXFileReference; fileEncoding = 4; lastKnownFileType = sourcecode.swift; path = ResumenView.swift; sourceTree = "<group>"; };
		52DEC4D41F4D9DC7001650C9 /* ListaPelisView.swift */ = {isa = PBXFileReference; fileEncoding = 4; lastKnownFileType = sourcecode.swift; path = ListaPelisView.swift; sourceTree = "<group>"; };
		52DEC4D61F4DAAC9001650C9 /* ListaSeriesView.swift */ = {isa = PBXFileReference; fileEncoding = 4; lastKnownFileType = sourcecode.swift; path = ListaSeriesView.swift; sourceTree = "<group>"; };
		52DEC4D81F4DAAE0001650C9 /* NuevaSerieView.swift */ = {isa = PBXFileReference; fileEncoding = 4; lastKnownFileType = sourcecode.swift; path = NuevaSerieView.swift; sourceTree = "<group>"; };
		52DEC4DA1F4DB9D7001650C9 /* PeliculaView.swift */ = {isa = PBXFileReference; fileEncoding = 4; lastKnownFileType = sourcecode.swift; path = PeliculaView.swift; sourceTree = "<group>"; };
		52DEC4DC1F4DCBB3001650C9 /* seriesView.swift */ = {isa = PBXFileReference; fileEncoding = 4; lastKnownFileType = sourcecode.swift; path = seriesView.swift; sourceTree = "<group>"; };
/* End PBXFileReference section */

/* Begin PBXFrameworksBuildPhase section */
		52DEC4B31F4C87D2001650C9 /* Frameworks */ = {
			isa = PBXFrameworksBuildPhase;
			buildActionMask = 2147483647;
			files = (
			);
			runOnlyForDeploymentPostprocessing = 0;
		};
/* End PBXFrameworksBuildPhase section */

/* Begin PBXGroup section */
		52DEC4AD1F4C87D2001650C9 = {
			isa = PBXGroup;
			children = (
				52DEC4B81F4C87D2001650C9 /* ejercicioFinal */,
				52DEC4B71F4C87D2001650C9 /* Products */,
			);
			sourceTree = "<group>";
		};
		52DEC4B71F4C87D2001650C9 /* Products */ = {
			isa = PBXGroup;
			children = (
				52DEC4B61F4C87D2001650C9 /* ejercicioFinal.app */,
			);
			name = Products;
			sourceTree = "<group>";
		};
		52DEC4B81F4C87D2001650C9 /* ejercicioFinal */ = {
			isa = PBXGroup;
			children = (
				52DEC4B91F4C87D2001650C9 /* AppDelegate.swift */,
				52DEC4BB1F4C87D2001650C9 /* ViewController.swift */,
				52DEC4D41F4D9DC7001650C9 /* ListaPelisView.swift */,
				52DEC4DA1F4DB9D7001650C9 /* PeliculaView.swift */,
				52DEC4CE1F4D76C8001650C9 /* PosterView.swift */,
				52DEC4D01F4D7893001650C9 /* ResumenView.swift */,
				52DEC4BD1F4C87D2001650C9 /* Main.storyboard */,
				52DEC4C31F4C87D2001650C9 /* Assets.xcassets */,
				52DEC4C51F4C87D2001650C9 /* LaunchScreen.storyboard */,
				52DEC4C81F4C87D2001650C9 /* Info.plist */,
				52DEC4C01F4C87D2001650C9 /* ejercicioFinal.xcdatamodeld */,
				52DEC4D61F4DAAC9001650C9 /* ListaSeriesView.swift */,
				52DEC4D81F4DAAE0001650C9 /* NuevaSerieView.swift */,
				52DEC4DC1F4DCBB3001650C9 /* seriesView.swift */,
			);
			path = ejercicioFinal;
			sourceTree = "<group>";
		};
/* End PBXGroup section */

/* Begin PBXNativeTarget section */
		52DEC4B51F4C87D2001650C9 /* ejercicioFinal */ = {
			isa = PBXNativeTarget;
			buildConfigurationList = 52DEC4CB1F4C87D2001650C9 /* Build configuration list for PBXNativeTarget "ejercicioFinal" */;
			buildPhases = (
				52DEC4B21F4C87D2001650C9 /* Sources */,
				52DEC4B31F4C87D2001650C9 /* Frameworks */,
				52DEC4B41F4C87D2001650C9 /* Resources */,
			);
			buildRules = (
			);
			dependencies = (
			);
			name = ejercicioFinal;
			productName = ejercicioFinal;
			productReference = 52DEC4B61F4C87D2001650C9 /* ejercicioFinal.app */;
			productType = "com.apple.product-type.application";
		};
/* End PBXNativeTarget section */

/* Begin PBXProject section */
		52DEC4AE1F4C87D2001650C9 /* Project object */ = {
			isa = PBXProject;
			attributes = {
				LastSwiftUpdateCheck = 0830;
				LastUpgradeCheck = 0830;
				ORGANIZATIONNAME = Manakle;
				TargetAttributes = {
					52DEC4B51F4C87D2001650C9 = {
						CreatedOnToolsVersion = 8.3.3;
						DevelopmentTeam = 5AKVS66Q63;
						ProvisioningStyle = Automatic;
					};
				};
			};
			buildConfigurationList = 52DEC4B11F4C87D2001650C9 /* Build configuration list for PBXProject "ejercicioFinal" */;
			compatibilityVersion = "Xcode 3.2";
			developmentRegion = English;
			hasScannedForEncodings = 0;
			knownRegions = (
				en,
				Base,
			);
			mainGroup = 52DEC4AD1F4C87D2001650C9;
			productRefGroup = 52DEC4B71F4C87D2001650C9 /* Products */;
			projectDirPath = "";
			projectRoot = "";
			targets = (
				52DEC4B51F4C87D2001650C9 /* ejercicioFinal */,
			);
		};
/* End PBXProject section */

/* Begin PBXResourcesBuildPhase section */
		52DEC4B41F4C87D2001650C9 /* Resources */ = {
			isa = PBXResourcesBuildPhase;
			buildActionMask = 2147483647;
			files = (
				52DEC4C71F4C87D2001650C9 /* LaunchScreen.storyboard in Resources */,
				52DEC4C41F4C87D2001650C9 /* Assets.xcassets in Resources */,
				52DEC4BF1F4C87D2001650C9 /* Main.storyboard in Resources */,
			);
			runOnlyForDeploymentPostprocessing = 0;
		};
/* End PBXResourcesBuildPhase section */

/* Begin PBXSourcesBuildPhase section */
		52DEC4B21F4C87D2001650C9 /* Sources */ = {
			isa = PBXSourcesBuildPhase;
			buildActionMask = 2147483647;
			files = (
				52DEC4D11F4D7893001650C9 /* ResumenView.swift in Sources */,
				52DEC4D91F4DAAE0001650C9 /* NuevaSerieView.swift in Sources */,
				52DEC4BC1F4C87D2001650C9 /* ViewController.swift in Sources */,
				52DEC4D71F4DAAC9001650C9 /* ListaSeriesView.swift in Sources */,
				52DEC4C21F4C87D2001650C9 /* ejercicioFinal.xcdatamodeld in Sources */,
				52DEC4BA1F4C87D2001650C9 /* AppDelegate.swift in Sources */,
				52DEC4DB1F4DB9D7001650C9 /* PeliculaView.swift in Sources */,
				52DEC4D51F4D9DC7001650C9 /* ListaPelisView.swift in Sources */,
				52DEC4CF1F4D76C8001650C9 /* PosterView.swift in Sources */,
				52DEC4DD1F4DCBB3001650C9 /* seriesView.swift in Sources */,
			);
			runOnlyForDeploymentPostprocessing = 0;
		};
/* End PBXSourcesBuildPhase section */

/* Begin PBXVariantGroup section */
		52DEC4BD1F4C87D2001650C9 /* Main.storyboard */ = {
			isa = PBXVariantGroup;
			children = (
				52DEC4BE1F4C87D2001650C9 /* Base */,
			);
			name = Main.storyboard;
			sourceTree = "<group>";
		};
		52DEC4C51F4C87D2001650C9 /* LaunchScreen.storyboard */ = {
			isa = PBXVariantGroup;
			children = (
				52DEC4C61F4C87D2001650C9 /* Base */,
			);
			name = LaunchScreen.storyboard;
			sourceTree = "<group>";
		};
/* End PBXVariantGroup section */

/* Begin XCBuildConfiguration section */
		52DEC4C91F4C87D2001650C9 /* Debug */ = {
			isa = XCBuildConfiguration;
			buildSettings = {
				ALWAYS_SEARCH_USER_PATHS = NO;
				CLANG_ANALYZER_NONNULL = YES;
				CLANG_ANALYZER_NUMBER_OBJECT_CONVERSION = YES_AGGRESSIVE;
				CLANG_CXX_LANGUAGE_STANDARD = "gnu++0x";
				CLANG_CXX_LIBRARY = "libc++";
				CLANG_ENABLE_MODULES = YES;
				CLANG_ENABLE_OBJC_ARC = YES;
				CLANG_WARN_BOOL_CONVERSION = YES;
				CLANG_WARN_CONSTANT_CONVERSION = YES;
				CLANG_WARN_DIRECT_OBJC_ISA_USAGE = YES_ERROR;
				CLANG_WARN_DOCUMENTATION_COMMENTS = YES;
				CLANG_WARN_EMPTY_BODY = YES;
				CLANG_WARN_ENUM_CONVERSION = YES;
				CLANG_WARN_INFINITE_RECURSION = YES;
				CLANG_WARN_INT_CONVERSION = YES;
				CLANG_WARN_OBJC_ROOT_CLASS = YES_ERROR;
				CLANG_WARN_SUSPICIOUS_MOVE = YES;
				CLANG_WARN_UNREACHABLE_CODE = YES;
				CLANG_WARN__DUPLICATE_METHOD_MATCH = YES;
				"CODE_SIGN_IDENTITY[sdk=iphoneos*]" = "iPhone Developer";
				COPY_PHASE_STRIP = NO;
				DEBUG_INFORMATION_FORMAT = dwarf;
				ENABLE_STRICT_OBJC_MSGSEND = YES;
				ENABLE_TESTABILITY = YES;
				GCC_C_LANGUAGE_STANDARD = gnu99;
				GCC_DYNAMIC_NO_PIC = NO;
				GCC_NO_COMMON_BLOCKS = YES;
				GCC_OPTIMIZATION_LEVEL = 0;
				GCC_PREPROCESSOR_DEFINITIONS = (
					"DEBUG=1",
					"$(inherited)",
				);
				GCC_WARN_64_TO_32_BIT_CONVERSION = YES;
				GCC_WARN_ABOUT_RETURN_TYPE = YES_ERROR;
				GCC_WARN_UNDECLARED_SELECTOR = YES;
				GCC_WARN_UNINITIALIZED_AUTOS = YES_AGGRESSIVE;
				GCC_WARN_UNUSED_FUNCTION = YES;
				GCC_WARN_UNUSED_VARIABLE = YES;
				IPHONEOS_DEPLOYMENT_TARGET = 10.3;
				MTL_ENABLE_DEBUG_INFO = YES;
				ONLY_ACTIVE_ARCH = YES;
				SDKROOT = iphoneos;
				SWIFT_ACTIVE_COMPILATION_CONDITIONS = DEBUG;
				SWIFT_OPTIMIZATION_LEVEL = "-Onone";
			};
			name = Debug;
		};
		52DEC4CA1F4C87D2001650C9 /* Release */ = {
			isa = XCBuildConfiguration;
			buildSettings = {
				ALWAYS_SEARCH_USER_PATHS = NO;
				CLANG_ANALYZER_NONNULL = YES;
				CLANG_ANALYZER_NUMBER_OBJECT_CONVERSION = YES_AGGRESSIVE;
				CLANG_CXX_LANGUAGE_STANDARD = "gnu++0x";
				CLANG_CXX_LIBRARY = "libc++";
				CLANG_ENABLE_MODULES = YES;
				CLANG_ENABLE_OBJC_ARC = YES;
				CLANG_WARN_BOOL_CONVERSION = YES;
				CLANG_WARN_CONSTANT_CONVERSION = YES;
				CLANG_WARN_DIRECT_OBJC_ISA_USAGE = YES_ERROR;
				CLANG_WARN_DOCUMENTATION_COMMENTS = YES;
				CLANG_WARN_EMPTY_BODY = YES;
				CLANG_WARN_ENUM_CONVERSION = YES;
				CLANG_WARN_INFINITE_RECURSION = YES;
				CLANG_WARN_INT_CONVERSION = YES;
				CLANG_WARN_OBJC_ROOT_CLASS = YES_ERROR;
				CLANG_WARN_SUSPICIOUS_MOVE = YES;
				CLANG_WARN_UNREACHABLE_CODE = YES;
				CLANG_WARN__DUPLICATE_METHOD_MATCH = YES;
				"CODE_SIGN_IDENTITY[sdk=iphoneos*]" = "iPhone Developer";
				COPY_PHASE_STRIP = NO;
				DEBUG_INFORMATION_FORMAT = "dwarf-with-dsym";
				ENABLE_NS_ASSERTIONS = NO;
				ENABLE_STRICT_OBJC_MSGSEND = YES;
				GCC_C_LANGUAGE_STANDARD = gnu99;
				GCC_NO_COMMON_BLOCKS = YES;
				GCC_WARN_64_TO_32_BIT_CONVERSION = YES;
				GCC_WARN_ABOUT_RETURN_TYPE = YES_ERROR;
				GCC_WARN_UNDECLARED_SELECTOR = YES;
				GCC_WARN_UNINITIALIZED_AUTOS = YES_AGGRESSIVE;
				GCC_WARN_UNUSED_FUNCTION = YES;
				GCC_WARN_UNUSED_VARIABLE = YES;
				IPHONEOS_DEPLOYMENT_TARGET = 10.3;
				MTL_ENABLE_DEBUG_INFO = NO;
				SDKROOT = iphoneos;
				SWIFT_OPTIMIZATION_LEVEL = "-Owholemodule";
				VALIDATE_PRODUCT = YES;
			};
			name = Release;
		};
		52DEC4CC1F4C87D2001650C9 /* Debug */ = {
			isa = XCBuildConfiguration;
			buildSettings = {
				ASSETCATALOG_COMPILER_APPICON_NAME = AppIcon;
				DEVELOPMENT_TEAM = 5AKVS66Q63;
				INFOPLIST_FILE = ejercicioFinal/Info.plist;
				LD_RUNPATH_SEARCH_PATHS = "$(inherited) @executable_path/Frameworks";
				PRODUCT_BUNDLE_IDENTIFIER = com.manakle.ejercicioFinal;
				PRODUCT_NAME = "$(TARGET_NAME)";
				SWIFT_VERSION = 3.0;
			};
			name = Debug;
		};
		52DEC4CD1F4C87D2001650C9 /* Release */ = {
			isa = XCBuildConfiguration;
			buildSettings = {
				ASSETCATALOG_COMPILER_APPICON_NAME = AppIcon;
				DEVELOPMENT_TEAM = 5AKVS66Q63;
				INFOPLIST_FILE = ejercicioFinal/Info.plist;
				LD_RUNPATH_SEARCH_PATHS = "$(inherited) @executable_path/Frameworks";
				PRODUCT_BUNDLE_IDENTIFIER = com.manakle.ejercicioFinal;
				PRODUCT_NAME = "$(TARGET_NAME)";
				SWIFT_VERSION = 3.0;
			};
			name = Release;
		};
/* End XCBuildConfiguration section */

/* Begin XCConfigurationList section */
		52DEC4B11F4C87D2001650C9 /* Build configuration list for PBXProject "ejercicioFinal" */ = {
			isa = XCConfigurationList;
			buildConfigurations = (
				52DEC4C91F4C87D2001650C9 /* Debug */,
				52DEC4CA1F4C87D2001650C9 /* Release */,
			);
			defaultConfigurationIsVisible = 0;
			defaultConfigurationName = Release;
		};
		52DEC4CB1F4C87D2001650C9 /* Build configuration list for PBXNativeTarget "ejercicioFinal" */ = {
			isa = XCConfigurationList;
			buildConfigurations = (
				52DEC4CC1F4C87D2001650C9 /* Debug */,
				52DEC4CD1F4C87D2001650C9 /* Release */,
			);
			defaultConfigurationIsVisible = 0;
			defaultConfigurationName = Release;
		};
/* End XCConfigurationList section */

/* Begin XCVersionGroup section */
		52DEC4C01F4C87D2001650C9 /* ejercicioFinal.xcdatamodeld */ = {
			isa = XCVersionGroup;
			children = (
				52DEC4C11F4C87D2001650C9 /* ejercicioFinal.xcdatamodel */,
			);
			currentVersion = 52DEC4C11F4C87D2001650C9 /* ejercicioFinal.xcdatamodel */;
			path = ejercicioFinal.xcdatamodeld;
			sourceTree = "<group>";
			versionGroupType = wrapper.xcdatamodel;
		};
/* End XCVersionGroup section */
	};
	rootObject = 52DEC4AE1F4C87D2001650C9 /* Project object */;
}
